
Microsoft Visual Studio Solution File, Format Version 12.00
# Visual Studio Version 16
VisualStudioVersion = 16.0.30517.126
MinimumVisualStudioVersion = 10.0.40219.1
Project("{FAE04EC0-301F-11D3-BF4B-00C04F79EFBC}") = "StoredPrecedure", "StoredPrecedure\StoredPrecedure.csproj", "{22E71BE6-D793-4CF4-AAFE-7F6C4477ECB1}"
EndProject
Global
	GlobalSection(SolutionConfigurationPlatforms) = preSolution
		Debug|Any CPU = Debug|Any CPU
		Release|Any CPU = Release|Any CPU
	EndGlobalSection
	GlobalSection(ProjectConfigurationPlatforms) = postSolution
		{22E71BE6-D793-4CF4-AAFE-7F6C4477ECB1}.Debug|Any CPU.ActiveCfg = Debug|Any CPU
		{22E71BE6-D793-4CF4-AAFE-7F6C4477ECB1}.Debug|Any CPU.Build.0 = Debug|Any CPU
		{22E71BE6-D793-4CF4-AAFE-7F6C4477ECB1}.Release|Any CPU.ActiveCfg = Release|Any CPU
		{22E71BE6-D793-4CF4-AAFE-7F6C4477ECB1}.Release|Any CPU.Build.0 = Release|Any CPU
	EndGlobalSection
	GlobalSection(SolutionProperties) = preSolution
		HideSolutionNode = FALSE
	EndGlobalSection
	GlobalSection(ExtensibilityGlobals) = postSolution
		SolutionGuid = {CEAEC6EA-D70B-4FD3-B2F6-E191958B9AE4}
	EndGlobalSection
EndGlobal
